{
  "name": "socialmedia",
  "version": "1.0.0",
  "lockfileVersion": 1,
  "requires": true,
  "dependencies": {
    "abbrev": {
      "version": "1.1.1",
      "resolved": "https://registry.npmjs.org/abbrev/-/abbrev-1.1.1.tgz",
      "integrity": "sha512-nne9/IiQ/hzIhY6pdDnbBtz7DjPTKrY00P/zvPSm5pOFkl6xuGrGnXn/VtTNNfNtAfZ9/1RtehkszU9qcTii0Q=="
    },
    "accept": {
      "version": "3.0.2",
      "resolved": "https://registry.npmjs.org/accept/-/accept-3.0.2.tgz",
      "integrity": "sha512-bghLXFkCOsC1Y2TZ51etWfKDs6q249SAoHTZVfzWWdlZxoij+mgkj9AmUJWQpDY48TfnrTDIe43Xem4zdMe7mQ==",
      "requires": {
        "boom": "7.x.x",
        "hoek": "5.x.x"
      }
    },
    "accepts": {
      "version": "1.1.4",
      "resolved": "https://registry.npmjs.org/accepts/-/accepts-1.1.4.tgz",
      "integrity": "sha1-1xyW99QdD+2iw4zRToonwEFY30o=",
      "requires": {
        "mime-types": "~2.0.4",
        "negotiator": "0.4.9"
      }
    },
    "after": {
      "version": "0.8.1",
      "resolved": "https://registry.npmjs.org/after/-/after-0.8.1.tgz",
      "integrity": "sha1-q11PuIP1loFtNRX495HAr0ht1ic="
    },
    "ammo": {
      "version": "3.0.1",
      "resolved": "https://registry.npmjs.org/ammo/-/ammo-3.0.1.tgz",
      "integrity": "sha512-4UqoM8xQjwkQ78oiU4NbBK0UgYqeKMAKmwE4ec7Rz3rGU8ZEBFxzgF2sUYKOAlqIXExBDYLN6y1ShF5yQ4hwLQ==",
      "requires": {
        "hoek": "5.x.x"
      }
    },
    "arraybuffer.slice": {
      "version": "0.0.6",
      "resolved": "https://registry.npmjs.org/arraybuffer.slice/-/arraybuffer.slice-0.0.6.tgz",
      "integrity": "sha1-8zshWfBTKj8xB6JywMz70a0peco="
    },
    "async": {
      "version": "2.6.1",
      "resolved": "https://registry.npmjs.org/async/-/async-2.6.1.tgz",
      "integrity": "sha512-fNEiL2+AZt6AlAw/29Cr0UDe4sRAHCpEHh54WMz+Bb7QfNcFw4h3loofyJpLeQs4Yx7yuqu/2dLgM5hKOs6HlQ==",
      "requires": {
        "lodash": "^4.17.10"
      }
    },
    "b64": {
      "version": "4.0.0",
      "resolved": "https://registry.npmjs.org/b64/-/b64-4.0.0.tgz",
      "integrity": "sha512-EhmUQodKB0sdzPPrbIWbGqA5cQeTWxYrAgNeeT1rLZWtD3tbNTnphz8J4vkXI3cPgBNlXBjzEbzDzq0Nwi4f9A=="
    },
    "backo2": {
      "version": "1.0.2",
      "resolved": "https://registry.npmjs.org/backo2/-/backo2-1.0.2.tgz",
      "integrity": "sha1-MasayLEpNjRj41s+u2n038+6eUc="
    },
    "base64-arraybuffer": {
      "version": "0.1.2",
      "resolved": "https://registry.npmjs.org/base64-arraybuffer/-/base64-arraybuffer-0.1.2.tgz",
      "integrity": "sha1-R030qfLaJOBd8xWMOx2zw81GoVQ="
    },
    "base64id": {
      "version": "0.1.0",
      "resolved": "https://registry.npmjs.org/base64id/-/base64id-0.1.0.tgz",
      "integrity": "sha1-As4P3u4M709ACA4ec+g08LG/zj8="
    },
    "benchmark": {
      "version": "1.0.0",
      "resolved": "https://registry.npmjs.org/benchmark/-/benchmark-1.0.0.tgz",
      "integrity": "sha1-Lx4vpMNZ8REiqhgwgiGOlX45DHM="
    },
    "better-assert": {
      "version": "1.0.2",
      "resolved": "https://registry.npmjs.org/better-assert/-/better-assert-1.0.2.tgz",
      "integrity": "sha1-QIZrnhueC1W0gYlDEeaPr/rrxSI=",
      "requires": {
        "callsite": "1.0.0"
      }
    },
    "big-time": {
      "version": "2.0.1",
      "resolved": "https://registry.npmjs.org/big-time/-/big-time-2.0.1.tgz",
      "integrity": "sha1-aMffjcMPl+lT8lpnp2rJcTwWyd4="
    },
    "blob": {
      "version": "0.0.4",
      "resolved": "https://registry.npmjs.org/blob/-/blob-0.0.4.tgz",
      "integrity": "sha1-vPEwUspURj8w+fx+lbmkdjCpSSE="
    },
    "bluebird": {
      "version": "3.5.1",
      "resolved": "https://registry.npmjs.org/bluebird/-/bluebird-3.5.1.tgz",
      "integrity": "sha512-MKiLiV+I1AA596t9w1sQJ8jkiSr5+ZKi0WKrYGUn6d1Fx+Ij4tIj+m2WMQSGczs5jZVxV339chE8iwk6F64wjA=="
    },
    "boom": {
      "version": "7.2.0",
      "resolved": "https://registry.npmjs.org/boom/-/boom-7.2.0.tgz",
      "integrity": "sha1-K/8kpVVldn/ehp7ICDF+sQxI6WY=",
      "requires": {
        "hoek": "5.x.x"
      }
    },
    "bounce": {
      "version": "1.2.0",
      "resolved": "https://registry.npmjs.org/bounce/-/bounce-1.2.0.tgz",
      "integrity": "sha512-8syCGe8B2/WC53118/F/tFy5aW00j+eaGPXmAUP7iBhxc+EBZZxS1vKelWyBCH6IqojgS2t1gF0glH30qAJKEw==",
      "requires": {
        "boom": "7.x.x",
        "hoek": "5.x.x"
      }
    },
    "bson": {
      "version": "1.0.9",
      "resolved": "https://registry.npmjs.org/bson/-/bson-1.0.9.tgz",
      "integrity": "sha512-IQX9/h7WdMBIW/q/++tGd+emQr0XMdeZ6icnT/74Xk9fnabWn+gZgpE+9V+gujL3hhJOoNrnDVY7tWdzc7NUTg=="
    },
    "call": {
      "version": "5.0.1",
      "resolved": "https://registry.npmjs.org/call/-/call-5.0.1.tgz",
      "integrity": "sha512-ollfFPSshiuYLp7AsrmpkQJ/PxCi6AzV81rCjBwWhyF2QGyUY/vPDMzoh4aUcWyucheRglG2LaS5qkIEfLRh6A==",
      "requires": {
        "boom": "7.x.x",
        "hoek": "5.x.x"
      }
    },
    "callsite": {
      "version": "1.0.0",
      "resolved": "https://registry.npmjs.org/callsite/-/callsite-1.0.0.tgz",
      "integrity": "sha1-KAOY5dZkvXQDi28JBRU+borxvCA="
    },
    "catbox": {
      "version": "10.0.2",
      "resolved": "https://registry.npmjs.org/catbox/-/catbox-10.0.2.tgz",
      "integrity": "sha512-cTQTQeKMhWHU0lX8CADE3g1koGJu+AlcWFzAjMX/8P+XbkScGYw3tJsQpe2Oh8q68vOQbOLacz9k+6V/F3Z9DA==",
      "requires": {
        "boom": "7.x.x",
        "bounce": "1.x.x",
        "hoek": "5.x.x",
        "joi": "13.x.x"
      }
    },
    "catbox-memory": {
      "version": "3.1.2",
      "resolved": "https://registry.npmjs.org/catbox-memory/-/catbox-memory-3.1.2.tgz",
      "integrity": "sha512-lhWtutLVhsq3Mucxk2McxBPPibJ34WcHuWFz3xqub9u9Ve/IQYpZv3ijLhQXfQped9DXozURiaq9O3aZpP91eg==",
      "requires": {
        "big-time": "2.x.x",
        "boom": "7.x.x",
        "hoek": "5.x.x"
      }
    },
    "component-bind": {
      "version": "1.0.0",
      "resolved": "https://registry.npmjs.org/component-bind/-/component-bind-1.0.0.tgz",
      "integrity": "sha1-AMYIq33Nk4l8AAllGx06jh5zu9E="
    },
    "component-emitter": {
      "version": "1.1.2",
      "resolved": "https://registry.npmjs.org/component-emitter/-/component-emitter-1.1.2.tgz",
      "integrity": "sha1-KWWU8nU9qmOZbSrwjRWpURbJrsM="
    },
    "component-inherit": {
      "version": "0.0.3",
      "resolved": "https://registry.npmjs.org/component-inherit/-/component-inherit-0.0.3.tgz",
      "integrity": "sha1-ZF/ErfWLcrZJ1crmUTVhnbJv8UM="
    },
    "content": {
      "version": "4.0.5",
      "resolved": "https://registry.npmjs.org/content/-/content-4.0.5.tgz",
      "integrity": "sha512-wDP6CTWDpwCf791fNxlCCkZGRkrNzSEU/8ju9Hnr3Uc5mF/gFR5W+fcoGm6zUSlVPdSXYn5pCbySADKj7YM4Cg==",
      "requires": {
        "boom": "7.x.x"
      }
    },
    "cryptiles": {
      "version": "4.1.2",
      "resolved": "https://registry.npmjs.org/cryptiles/-/cryptiles-4.1.2.tgz",
      "integrity": "sha512-U2ALcoAHvA1oO2xOreyHvtkQ+IELqDG2WVWRI1GH/XEmmfGIOalnM5MU5Dd2ITyWfr3m6kNqXiy8XuYyd4wKJw==",
      "requires": {
        "boom": "7.x.x"
      }
    },
    "debug": {
      "version": "3.1.0",
      "resolved": "https://registry.npmjs.org/debug/-/debug-3.1.0.tgz",
      "integrity": "sha512-OX8XqP7/1a9cqkxYw2yXss15f26NKWBpDXQd0/uK/KPqdQhxbPa994hnzjcE2VqQpDslf55723cKPUOGSmMY3g==",
      "requires": {
        "ms": "2.0.0"
      }
    },
    "ejs": {
      "version": "2.6.1",
      "resolved": "https://registry.npmjs.org/ejs/-/ejs-2.6.1.tgz",
      "integrity": "sha512-0xy4A/twfrRCnkhfk8ErDi5DqdAsAqeGxht4xkCUrsvhhbQNs7E+4jV0CN7+NKIY0aHE72+XvqtBIXzD31ZbXQ=="
    },
    "engine.io": {
      "version": "1.6.11",
      "resolved": "https://registry.npmjs.org/engine.io/-/engine.io-1.6.11.tgz",
      "integrity": "sha1-JTOpemWHbED/z5U5e375tJXEI/4=",
      "requires": {
        "accepts": "1.1.4",
        "base64id": "0.1.0",
        "debug": "2.2.0",
        "engine.io-parser": "1.2.4",
        "ws": "1.1.0"
      },
      "dependencies": {
        "debug": {
          "version": "2.2.0",
          "resolved": "https://registry.npmjs.org/debug/-/debug-2.2.0.tgz",
          "integrity": "sha1-+HBX6ZWxofauaklgZkE3vFbwOdo=",
          "requires": {
            "ms": "0.7.1"
          }
        },
        "ms": {
          "version": "0.7.1",
          "resolved": "https://registry.npmjs.org/ms/-/ms-0.7.1.tgz",
          "integrity": "sha1-nNE8A62/8ltl7/3nzoZO6VIBcJg="
        }
      }
    },
    "engine.io-client": {
      "version": "1.6.11",
      "resolved": "https://registry.npmjs.org/engine.io-client/-/engine.io-client-1.6.11.tgz",
      "integrity": "sha1-fSUNj6HCGBGezeUTkEWKV9UXE3Y=",
      "requires": {
        "component-emitter": "1.1.2",
        "component-inherit": "0.0.3",
        "debug": "2.2.0",
        "engine.io-parser": "1.2.4",
        "has-cors": "1.1.0",
        "indexof": "0.0.1",
        "parsejson": "0.0.1",
        "parseqs": "0.0.2",
        "parseuri": "0.0.4",
        "ws": "1.0.1",
        "xmlhttprequest-ssl": "1.5.1",
        "yeast": "0.1.2"
      },
      "dependencies": {
        "debug": {
          "version": "2.2.0",
          "resolved": "https://registry.npmjs.org/debug/-/debug-2.2.0.tgz",
          "integrity": "sha1-+HBX6ZWxofauaklgZkE3vFbwOdo=",
          "requires": {
            "ms": "0.7.1"
          }
        },
        "ms": {
          "version": "0.7.1",
          "resolved": "https://registry.npmjs.org/ms/-/ms-0.7.1.tgz",
          "integrity": "sha1-nNE8A62/8ltl7/3nzoZO6VIBcJg="
        },
        "ws": {
          "version": "1.0.1",
          "resolved": "https://registry.npmjs.org/ws/-/ws-1.0.1.tgz",
          "integrity": "sha1-fQsqLljN3YGQOcKcneZQReGzEOk=",
          "requires": {
            "options": ">=0.0.5",
            "ultron": "1.0.x"
          }
        }
      }
    },
    "engine.io-parser": {
      "version": "1.2.4",
      "resolved": "https://registry.npmjs.org/engine.io-parser/-/engine.io-parser-1.2.4.tgz",
      "integrity": "sha1-4Il7C/FOeS1M0qWVBVORnFaUjEI=",
      "requires": {
        "after": "0.8.1",
        "arraybuffer.slice": "0.0.6",
        "base64-arraybuffer": "0.1.2",
        "blob": "0.0.4",
        "has-binary": "0.1.6",
        "utf8": "2.1.0"
      },
      "dependencies": {
        "has-binary": {
          "version": "0.1.6",
          "resolved": "https://registry.npmjs.org/has-binary/-/has-binary-0.1.6.tgz",
          "integrity": "sha1-JTJvOc+k9hath4eJTjryz7x7bhA=",
          "requires": {
            "isarray": "0.0.1"
          }
        }
      }
    },
    "hapi": {
      "version": "17.5.4",
      "resolved": "https://registry.npmjs.org/hapi/-/hapi-17.5.4.tgz",
      "integrity": "sha512-QyFxYcz96P1ow+54gvaZgI3GTwChJ/PSqc7MkSvVxqGLdrvZ1b5dlv99nifGfHhM1Nac3XgjlFZf64ta5ybYKA==",
      "requires": {
        "accept": "3.x.x",
        "ammo": "3.x.x",
        "boom": "7.x.x",
        "bounce": "1.x.x",
        "call": "5.x.x",
        "catbox": "10.x.x",
        "catbox-memory": "3.x.x",
        "heavy": "6.x.x",
        "hoek": "5.x.x",
        "joi": "13.x.x",
        "mimos": "4.x.x",
        "podium": "3.x.x",
        "shot": "4.x.x",
        "statehood": "6.x.x",
        "subtext": "6.x.x",
        "teamwork": "3.x.x",
        "topo": "3.x.x"
      }
    },
    "hapi-auth-cookie": {
      "version": "9.0.0",
      "resolved": "https://registry.npmjs.org/hapi-auth-cookie/-/hapi-auth-cookie-9.0.0.tgz",
      "integrity": "sha512-N71Mt7Jk0+7WLnuvfSv0DoGzgpn7TqOd+/AB73RfHpLvzYoskJ9AlFV3Op60DB01RJNaABZtdcH1l4HM3DMbog==",
      "requires": {
        "boom": "7.x.x",
        "bounce": "1.x.x",
        "hoek": "5.x.x",
        "joi": "13.x.x"
      }
    },
    "has-binary": {
      "version": "0.1.7",
      "resolved": "https://registry.npmjs.org/has-binary/-/has-binary-0.1.7.tgz",
      "integrity": "sha1-aOYesWIQyVRaClzOBqhzkS/h5ow=",
      "requires": {
        "isarray": "0.0.1"
      }
    },
    "has-cors": {
      "version": "1.1.0",
      "resolved": "https://registry.npmjs.org/has-cors/-/has-cors-1.1.0.tgz",
      "integrity": "sha1-XkdHk/fqmEPRu5nCPu9J/xJv/zk="
    },
    "heavy": {
      "version": "6.1.0",
      "resolved": "https://registry.npmjs.org/heavy/-/heavy-6.1.0.tgz",
      "integrity": "sha512-TKS9DC9NOTGulHQI31Lx+bmeWmNOstbJbGMiN3pX6bF+Zc2GKSpbbym4oasNnB6yPGkqJ9TQXXYDGohqNSJRxA==",
      "requires": {
        "boom": "7.x.x",
        "hoek": "5.x.x",
        "joi": "13.x.x"
      }
    },
    "hoek": {
      "version": "5.0.4",
      "resolved": "https://registry.npmjs.org/hoek/-/hoek-5.0.4.tgz",
      "integrity": "sha512-Alr4ZQgoMlnere5FZJsIyfIjORBqZll5POhDsF4q64dPuJR6rNxXdDxtHSQq8OXRurhmx+PWYEE8bXRROY8h0w=="
    },
    "indexof": {
      "version": "0.0.1",
      "resolved": "https://registry.npmjs.org/indexof/-/indexof-0.0.1.tgz",
      "integrity": "sha1-gtwzbSMrkGIXnQWrMpOmYFn9Q10="
    },
    "inert": {
      "version": "5.1.0",
      "resolved": "https://registry.npmjs.org/inert/-/inert-5.1.0.tgz",
      "integrity": "sha512-5rJZbezGEkBN4QrP/HEEwsQ0N+7YzqDZrvBZrE7B0CrNY6I4XKI434aL3UNLCmbI4HzPGQs7Ae/4h1tiTMJ6Wg==",
      "requires": {
        "ammo": "3.x.x",
        "boom": "7.x.x",
        "bounce": "1.x.x",
        "hoek": "5.x.x",
        "joi": "13.x.x",
        "lru-cache": "4.1.x"
      }
    },
    "iron": {
      "version": "5.0.4",
      "resolved": "https://registry.npmjs.org/iron/-/iron-5.0.4.tgz",
      "integrity": "sha512-7iQ5/xFMIYaNt9g2oiNiWdhrOTdRUMFaWENUd0KghxwPUhrIH8DUY8FEyLNTTzf75jaII+jMexLdY/2HfV61RQ==",
      "requires": {
        "boom": "7.x.x",
        "cryptiles": "4.x.x",
        "hoek": "5.x.x"
      }
    },
    "isarray": {
      "version": "0.0.1",
      "resolved": "https://registry.npmjs.org/isarray/-/isarray-0.0.1.tgz",
      "integrity": "sha1-ihis/Kmo9Bd+Cav8YDiTmwXR7t8="
    },
    "isemail": {
      "version": "3.1.3",
      "resolved": "https://registry.npmjs.org/isemail/-/isemail-3.1.3.tgz",
      "integrity": "sha512-5xbsG5wYADIcB+mfLsd+nst1V/D+I7EU7LEZPo2GOIMu4JzfcRs5yQoypP4avA7QtUqgxYLKBYNv4IdzBmbhdw==",
      "requires": {
        "punycode": "2.x.x"
      }
    },
    "items": {
      "version": "2.1.1",
      "resolved": "https://registry.npmjs.org/items/-/items-2.1.1.tgz",
      "integrity": "sha1-i9FtnIOxlSneWuoyGsqtp4NkoZg="
    },
    "joi": {
      "version": "13.6.0",
      "resolved": "https://registry.npmjs.org/joi/-/joi-13.6.0.tgz",
      "integrity": "sha512-E4QB0yRgEa6ZZKcSHJuBC+QeAwy+akCG0Bsa9edLqljyhlr+GuGDSmXYW1q7sj/FuAPy+ECUI3evVtK52tVfwg==",
      "requires": {
        "hoek": "5.x.x",
        "isemail": "3.x.x",
        "topo": "3.x.x"
      }
    },
    "json3": {
      "version": "3.2.6",
      "resolved": "https://registry.npmjs.org/json3/-/json3-3.2.6.tgz",
      "integrity": "sha1-9u/JPAagTemuxTBT3yVZuxniA4s="
    },
    "kareem": {
      "version": "2.2.1",
      "resolved": "https://registry.npmjs.org/kareem/-/kareem-2.2.1.tgz",
      "integrity": "sha512-xpDFy8OxkFM+vK6pXy6JmH92ibeEFUuDWzas5M9L7MzVmHW3jzwAHxodCPV/BYkf4A31bVDLyonrMfp9RXb/oA=="
    },
    "lodash": {
      "version": "4.17.10",
      "resolved": "https://registry.npmjs.org/lodash/-/lodash-4.17.10.tgz",
      "integrity": "sha512-UejweD1pDoXu+AD825lWwp4ZGtSwgnpZxb3JDViD7StjQz+Nb/6l093lx4OQ0foGWNRoc19mWy7BzL+UAK2iVg=="
    },
    "lodash.get": {
      "version": "4.4.2",
      "resolved": "https://registry.npmjs.org/lodash.get/-/lodash.get-4.4.2.tgz",
      "integrity": "sha1-LRd/ZS+jHpObRDjVNBSZ36OCXpk="
    },
    "lru-cache": {
      "version": "4.1.3",
      "resolved": "https://registry.npmjs.org/lru-cache/-/lru-cache-4.1.3.tgz",
      "integrity": "sha512-fFEhvcgzuIoJVUF8fYr5KR0YqxD238zgObTps31YdADwPPAp82a4M8TrckkWyx7ekNlf9aBcVn81cFwwXngrJA==",
      "requires": {
        "pseudomap": "^1.0.2",
        "yallist": "^2.1.2"
      }
    },
    "mime-db": {
      "version": "1.36.0",
      "resolved": "https://registry.npmjs.org/mime-db/-/mime-db-1.36.0.tgz",
      "integrity": "sha512-L+xvyD9MkoYMXb1jAmzI/lWYAxAMCPvIBSWur0PZ5nOf5euahRLVqH//FKW9mWp2lkqUgYiXPgkzfMUFi4zVDw=="
    },
    "mime-types": {
      "version": "2.0.14",
      "resolved": "https://registry.npmjs.org/mime-types/-/mime-types-2.0.14.tgz",
      "integrity": "sha1-MQ4VnbI+B3+Lsit0jav6SVcUCqY=",
      "requires": {
        "mime-db": "~1.12.0"
      },
      "dependencies": {
        "mime-db": {
          "version": "1.12.0",
          "resolved": "https://registry.npmjs.org/mime-db/-/mime-db-1.12.0.tgz",
          "integrity": "sha1-PQxjGA9FjrENMlqqN9fFiuMS6dc="
        }
      }
    },
    "mimos": {
      "version": "4.0.0",
      "resolved": "https://registry.npmjs.org/mimos/-/mimos-4.0.0.tgz",
      "integrity": "sha512-JvlvRLqGIlk+AYypWrbrDmhsM+6JVx/xBM5S3AMwTBz1trPCEoPN/swO2L4Wu653fL7oJdgk8DMQyG/Gq3JkZg==",
      "requires": {
        "hoek": "5.x.x",
        "mime-db": "1.x.x"
      }
    },
    "mongodb": {
      "version": "3.1.4",
      "resolved": "https://registry.npmjs.org/mongodb/-/mongodb-3.1.4.tgz",
      "integrity": "sha512-BGUxo4a/p5KtZpOn6+z6iZXTHfDxKDvibHQap9uMJqQouwoszvTIO/QbVZkaSX3Spny0jtTEeHc0FwfpGbtEzA==",
      "requires": {
        "mongodb-core": "3.1.3",
        "safe-buffer": "^5.1.2"
      }
    },
    "mongodb-core": {
      "version": "3.1.3",
      "resolved": "https://registry.npmjs.org/mongodb-core/-/mongodb-core-3.1.3.tgz",
      "integrity": "sha512-dISiV3zHGJTwZpg0xDhi9zCqFGMhA5kDPByHlcaEp09NSKfzHJ7XQbqVrL7qhki1U9PZHsmRfbFzco+6b1h2wA==",
      "requires": {
        "bson": "^1.1.0",
        "require_optional": "^1.0.1",
        "safe-buffer": "^5.1.2",
        "saslprep": "^1.0.0"
      },
      "dependencies": {
        "bson": {
          "version": "1.1.0",
          "resolved": "https://registry.npmjs.org/bson/-/bson-1.1.0.tgz",
          "integrity": "sha512-9Aeai9TacfNtWXOYarkFJRW2CWo+dRon+fuLZYJmvLV3+MiUp0bEI6IAZfXEIg7/Pl/7IWlLaDnhzTsD81etQA=="
        }
      }
    },
    "mongoose": {
      "version": "5.2.10",
      "resolved": "https://registry.npmjs.org/mongoose/-/mongoose-5.2.10.tgz",
      "integrity": "sha512-v5GN3OtwtolgR2UeDFI3mSogC2YBc1wed81YAscxbKKU+7ulCLCIve8MzfJUKcOn4VvoRyrQFfSDYbuw13XSRA==",
      "requires": {
        "async": "2.6.1",
        "bson": "~1.0.5",
        "kareem": "2.2.1",
        "lodash.get": "4.4.2",
        "mongodb": "3.1.4",
        "mongodb-core": "3.1.3",
        "mongoose-legacy-pluralize": "1.0.2",
        "mpath": "0.4.1",
        "mquery": "3.2.0",
        "ms": "2.0.0",
        "regexp-clone": "0.0.1",
        "safe-buffer": "5.1.2",
        "sliced": "1.0.1"
      }
    },
    "mongoose-legacy-pluralize": {
      "version": "1.0.2",
      "resolved": "https://registry.npmjs.org/mongoose-legacy-pluralize/-/mongoose-legacy-pluralize-1.0.2.tgz",
      "integrity": "sha512-Yo/7qQU4/EyIS8YDFSeenIvXxZN+ld7YdV9LqFVQJzTLye8unujAWPZ4NWKfFA+RNjh+wvTWKY9Z3E5XM6ZZiQ=="
    },
    "mpath": {
      "version": "0.4.1",
      "resolved": "https://registry.npmjs.org/mpath/-/mpath-0.4.1.tgz",
      "integrity": "sha512-NNY/MpBkALb9jJmjpBlIi6GRoLveLUM0pJzgbp9vY9F7IQEb/HREC/nxrixechcQwd1NevOhJnWWV8QQQRE+OA=="
    },
    "mquery": {
      "version": "3.2.0",
      "resolved": "https://registry.npmjs.org/mquery/-/mquery-3.2.0.tgz",
      "integrity": "sha512-qPJcdK/yqcbQiKoemAt62Y0BAc0fTEKo1IThodBD+O5meQRJT/2HSe5QpBNwaa4CjskoGrYWsEyjkqgiE0qjhg==",
      "requires": {
        "bluebird": "3.5.1",
        "debug": "3.1.0",
        "regexp-clone": "0.0.1",
        "safe-buffer": "5.1.2",
        "sliced": "1.0.1"
      }
    },
    "ms": {
      "version": "2.0.0",
      "resolved": "https://registry.npmjs.org/ms/-/ms-2.0.0.tgz",
      "integrity": "sha1-VgiurfwAvmwpAd9fmGF4jeDVl8g="
    },
    "nanoid": {
      "version": "1.2.2",
      "resolved": "https://registry.npmjs.org/nanoid/-/nanoid-1.2.2.tgz",
      "integrity": "sha512-o4eK+NomkjYEn6cN9rImXMz1st/LdRP+tricKyoH834ikDwp/M/PJlYWTd7E7/OhvObzLJpuuVvwjg+jDpD4hA=="
    },
    "negotiator": {
      "version": "0.4.9",
      "resolved": "https://registry.npmjs.org/negotiator/-/negotiator-0.4.9.tgz",
      "integrity": "sha1-kuRrbbU8fkIe1koryU8IvnYw3z8="
    },
    "nigel": {
      "version": "3.0.1",
      "resolved": "https://registry.npmjs.org/nigel/-/nigel-3.0.1.tgz",
      "integrity": "sha512-kCVtUG9JyD//tsYrZY+/Y+2gUrANVSba8y23QkM5Znx0FOxlnl9Z4OVPBODmstKWTOvigfTO+Va1VPOu3eWSOQ==",
      "requires": {
        "hoek": "5.x.x",
        "vise": "3.x.x"
      }
    },
    "nopt": {
      "version": "1.0.10",
      "resolved": "https://registry.npmjs.org/nopt/-/nopt-1.0.10.tgz",
      "integrity": "sha1-bd0hvSoxQXuScn3Vhfim83YI6+4=",
      "requires": {
        "abbrev": "1"
      }
    },
    "object-component": {
      "version": "0.0.3",
      "resolved": "https://registry.npmjs.org/object-component/-/object-component-0.0.3.tgz",
      "integrity": "sha1-8MaapQ78lbhmwYb0AKM3acsvEpE="
    },
    "options": {
      "version": "0.0.6",
      "resolved": "https://registry.npmjs.org/options/-/options-0.0.6.tgz",
      "integrity": "sha1-7CLTEoBrtT5zF3Pnza788cZDEo8="
    },
    "parsejson": {
      "version": "0.0.1",
      "resolved": "https://registry.npmjs.org/parsejson/-/parsejson-0.0.1.tgz",
      "integrity": "sha1-mxDGwNglq1ieaFFTgm3go7oni8w=",
      "requires": {
        "better-assert": "~1.0.0"
      }
    },
    "parseqs": {
      "version": "0.0.2",
      "resolved": "https://registry.npmjs.org/parseqs/-/parseqs-0.0.2.tgz",
      "integrity": "sha1-nf5wss3aw4i95PNbHyQPpYrb5sc=",
      "requires": {
        "better-assert": "~1.0.0"
      }
    },
    "parseuri": {
      "version": "0.0.4",
      "resolved": "https://registry.npmjs.org/parseuri/-/parseuri-0.0.4.tgz",
      "integrity": "sha1-gGWCo5iH4eoY3V4v4OAZAiaOk1A=",
      "requires": {
        "better-assert": "~1.0.0"
      }
    },
    "pez": {
      "version": "4.0.2",
      "resolved": "https://registry.npmjs.org/pez/-/pez-4.0.2.tgz",
      "integrity": "sha512-HuPxmGxHsEFPWhdkwBs2gIrHhFqktIxMtudISTFN95RQ85ZZAOl8Ki6u3nnN/X8OUaGlIGldk/l8p2IR4/i76w==",
      "requires": {
        "b64": "4.x.x",
        "boom": "7.x.x",
        "content": "4.x.x",
        "hoek": "5.x.x",
        "nigel": "3.x.x"
      }
    },
    "podium": {
      "version": "3.1.2",
      "resolved": "https://registry.npmjs.org/podium/-/podium-3.1.2.tgz",
      "integrity": "sha512-18VrjJAduIdPv7d9zWsfmKxTj3cQTYC5Pv5gtKxcWujYBpGbV+mhNSPYhlHW5xeWoazYyKfB9FEsPT12r5rY1A==",
      "requires": {
        "hoek": "5.x.x",
        "joi": "13.x.x"
      }
    },
    "pseudomap": {
      "version": "1.0.2",
      "resolved": "https://registry.npmjs.org/pseudomap/-/pseudomap-1.0.2.tgz",
      "integrity": "sha1-8FKijacOYYkX7wqKw0wa5aaChrM="
    },
    "punycode": {
      "version": "2.1.1",
      "resolved": "https://registry.npmjs.org/punycode/-/punycode-2.1.1.tgz",
      "integrity": "sha512-XRsRjdf+j5ml+y/6GKHPZbrF/8p2Yga0JPtdqTIY2Xe5ohJPD9saDJJLPvp9+NSBprVvevdXZybnj2cv8OEd0A=="
    },
    "regexp-clone": {
      "version": "0.0.1",
      "resolved": "https://registry.npmjs.org/regexp-clone/-/regexp-clone-0.0.1.tgz",
      "integrity": "sha1-p8LgmJH9vzj7sQ03b7cwA+aKxYk="
    },
    "require_optional": {
      "version": "1.0.1",
      "resolved": "https://registry.npmjs.org/require_optional/-/require_optional-1.0.1.tgz",
      "integrity": "sha512-qhM/y57enGWHAe3v/NcwML6a3/vfESLe/sGM2dII+gEO0BpKRUkWZow/tyloNqJyN6kXSl3RyyM8Ll5D/sJP8g==",
      "requires": {
        "resolve-from": "^2.0.0",
        "semver": "^5.1.0"
      }
    },
    "resolve-from": {
      "version": "2.0.0",
      "resolved": "https://registry.npmjs.org/resolve-from/-/resolve-from-2.0.0.tgz",
      "integrity": "sha1-lICrIOlP+h2egKgEx+oUdhGWa1c="
    },
    "safe-buffer": {
      "version": "5.1.2",
      "resolved": "https://registry.npmjs.org/safe-buffer/-/safe-buffer-5.1.2.tgz",
      "integrity": "sha512-Gd2UZBJDkXlY7GbJxfsE8/nvKkUEU1G38c1siN6QP6a9PT9MmHB8GnpscSmMJSoF8LOIrt8ud/wPtojys4G6+g=="
    },
    "saslprep": {
      "version": "1.0.1",
      "resolved": "https://registry.npmjs.org/saslprep/-/saslprep-1.0.1.tgz",
      "integrity": "sha512-ntN6SbE3hRqd45PKKadRPgA+xHPWg5lPSj2JWJdJvjTwXDDfkPVtXWvP8jJojvnm+rAsZ2b299C5NwZqq818EA==",
      "optional": true
    },
    "semver": {
      "version": "5.5.1",
      "resolved": "https://registry.npmjs.org/semver/-/semver-5.5.1.tgz",
      "integrity": "sha512-PqpAxfrEhlSUWge8dwIp4tZnQ25DIOthpiaHNIthsjEFQD6EvqUKUDM7L8O2rShkFccYo1VjJR0coWfNkCubRw=="
    },
    "shortid": {
      "version": "2.2.13",
      "resolved": "https://registry.npmjs.org/shortid/-/shortid-2.2.13.tgz",
      "integrity": "sha512-dBuNnQGKrJNfjunmXI2X7bl1gnMO4PwbNxrTzO1JvilODmL7WyyCtA+DYxe9XunLXmxmgzFIvKPQ6XRAQrr46Q==",
      "requires": {
        "nanoid": "^1.0.7"
      }
    },
    "shot": {
      "version": "4.0.5",
      "resolved": "https://registry.npmjs.org/shot/-/shot-4.0.5.tgz",
      "integrity": "sha1-x+dFXRHWD2ts08Q+FaO0McF+VWY=",
      "requires": {
        "hoek": "5.x.x",
        "joi": "13.x.x"
      }
    },
    "sliced": {
      "version": "1.0.1",
      "resolved": "https://registry.npmjs.org/sliced/-/sliced-1.0.1.tgz",
      "integrity": "sha1-CzpmK10Ewxd7GSa+qCsD+Dei70E="
    },
    "socket.io": {
      "version": "1.4.8",
      "resolved": "https://registry.npmjs.org/socket.io/-/socket.io-1.4.8.tgz",
      "integrity": "sha1-5XbzMM0L7WTlWz/SbfmRFBiEhns=",
      "requires": {
        "debug": "2.2.0",
        "engine.io": "1.6.11",
        "has-binary": "0.1.7",
        "socket.io-adapter": "0.4.0",
        "socket.io-client": "1.4.8",
        "socket.io-parser": "2.2.6"
      },
      "dependencies": {
        "debug": {
          "version": "2.2.0",
          "resolved": "https://registry.npmjs.org/debug/-/debug-2.2.0.tgz",
          "integrity": "sha1-+HBX6ZWxofauaklgZkE3vFbwOdo=",
          "requires": {
            "ms": "0.7.1"
          }
        },
        "ms": {
          "version": "0.7.1",
          "resolved": "https://registry.npmjs.org/ms/-/ms-0.7.1.tgz",
          "integrity": "sha1-nNE8A62/8ltl7/3nzoZO6VIBcJg="
        }
      }
    },
    "socket.io-adapter": {
      "version": "0.4.0",
      "resolved": "https://registry.npmjs.org/socket.io-adapter/-/socket.io-adapter-0.4.0.tgz",
      "integrity": "sha1-+5+CqxqmUpC/csNleVW5MKmRok8=",
      "requires": {
        "debug": "2.2.0",
        "socket.io-parser": "2.2.2"
      },
      "dependencies": {
        "debug": {
          "version": "2.2.0",
          "resolved": "https://registry.npmjs.org/debug/-/debug-2.2.0.tgz",
          "integrity": "sha1-+HBX6ZWxofauaklgZkE3vFbwOdo=",
          "requires": {
            "ms": "0.7.1"
          }
        },
        "ms": {
          "version": "0.7.1",
          "resolved": "https://registry.npmjs.org/ms/-/ms-0.7.1.tgz",
          "integrity": "sha1-nNE8A62/8ltl7/3nzoZO6VIBcJg="
        },
        "socket.io-parser": {
          "version": "2.2.2",
          "resolved": "https://registry.npmjs.org/socket.io-parser/-/socket.io-parser-2.2.2.tgz",
          "integrity": "sha1-PXr2tkSX6Va32f53X5mXFgJ/lBc=",
          "requires": {
            "benchmark": "1.0.0",
            "component-emitter": "1.1.2",
            "debug": "0.7.4",
            "isarray": "0.0.1",
            "json3": "3.2.6"
          },
          "dependencies": {
            "debug": {
              "version": "0.7.4",
              "resolved": "https://registry.npmjs.org/debug/-/debug-0.7.4.tgz",
              "integrity": "sha1-BuHqgILCyxTjmAbiLi9vdX+Srzk="
            }
          }
        }
      }
    },
    "socket.io-client": {
      "version": "1.4.8",
      "resolved": "https://registry.npmjs.org/socket.io-client/-/socket.io-client-1.4.8.tgz",
      "integrity": "sha1-SBskHnPfFA6hpPsDSGqFrQl/VVg=",
      "requires": {
        "backo2": "1.0.2",
        "component-bind": "1.0.0",
        "component-emitter": "1.2.0",
        "debug": "2.2.0",
        "engine.io-client": "1.6.11",
        "has-binary": "0.1.7",
        "indexof": "0.0.1",
        "object-component": "0.0.3",
        "parseuri": "0.0.4",
        "socket.io-parser": "2.2.6",
        "to-array": "0.1.4"
      },
      "dependencies": {
        "component-emitter": {
          "version": "1.2.0",
          "resolved": "https://registry.npmjs.org/component-emitter/-/component-emitter-1.2.0.tgz",
          "integrity": "sha1-zNETqGOI0GSC0D3j/H35hSa6jv4="
        },
        "debug": {
          "version": "2.2.0",
          "resolved": "https://registry.npmjs.org/debug/-/debug-2.2.0.tgz",
          "integrity": "sha1-+HBX6ZWxofauaklgZkE3vFbwOdo=",
          "requires": {
            "ms": "0.7.1"
          }
        },
        "ms": {
          "version": "0.7.1",
          "resolved": "https://registry.npmjs.org/ms/-/ms-0.7.1.tgz",
          "integrity": "sha1-nNE8A62/8ltl7/3nzoZO6VIBcJg="
        }
      }
    },
    "socket.io-parser": {
      "version": "2.2.6",
      "resolved": "https://registry.npmjs.org/socket.io-parser/-/socket.io-parser-2.2.6.tgz",
      "integrity": "sha1-ON/WHfUNz4qx2eIJEyK/kCuii5k=",
      "requires": {
        "benchmark": "1.0.0",
        "component-emitter": "1.1.2",
        "debug": "2.2.0",
        "isarray": "0.0.1",
        "json3": "3.3.2"
      },
      "dependencies": {
        "debug": {
          "version": "2.2.0",
          "resolved": "https://registry.npmjs.org/debug/-/debug-2.2.0.tgz",
          "integrity": "sha1-+HBX6ZWxofauaklgZkE3vFbwOdo=",
          "requires": {
            "ms": "0.7.1"
          }
        },
        "json3": {
          "version": "3.3.2",
          "resolved": "https://registry.npmjs.org/json3/-/json3-3.3.2.tgz",
          "integrity": "sha1-PAQ0dD35Pi9cQq7nsZvLSDV19OE="
        },
        "ms": {
          "version": "0.7.1",
          "resolved": "https://registry.npmjs.org/ms/-/ms-0.7.1.tgz",
          "integrity": "sha1-nNE8A62/8ltl7/3nzoZO6VIBcJg="
        }
      }
    },
    "statehood": {
      "version": "6.0.6",
      "resolved": "https://registry.npmjs.org/statehood/-/statehood-6.0.6.tgz",
      "integrity": "sha512-jR45n5ZMAkasw0xoE9j9TuLmJv4Sa3AkXe+6yIFT6a07kXYHgSbuD2OVGECdZGFxTmvNqLwL1iRIgvq6O6rq+A==",
      "requires": {
        "boom": "7.x.x",
        "bounce": "1.x.x",
        "cryptiles": "4.x.x",
        "hoek": "5.x.x",
        "iron": "5.x.x",
        "joi": "13.x.x"
      }
    },
    "subtext": {
      "version": "6.0.7",
      "resolved": "https://registry.npmjs.org/subtext/-/subtext-6.0.7.tgz",
      "integrity": "sha512-IcJUvRjeR+NB437Iq+LORFNJW4L6Knqkj3oQrBrkdhIaS2VKJvx/9aYEq7vi+PEx5/OuehOL/40SkSZotLi/MA==",
      "requires": {
        "boom": "7.x.x",
        "content": "4.x.x",
        "hoek": "5.x.x",
        "pez": "4.x.x",
        "wreck": "14.x.x"
      }
    },
    "teamwork": {
      "version": "3.0.1",
      "resolved": "https://registry.npmjs.org/teamwork/-/teamwork-3.0.1.tgz",
      "integrity": "sha512-hEkJIpDOfOYe9NYaLFk00zQbzZeKNCY8T2pRH3I13Y1mJwxaSQ6NEsjY5rCp+11ezCiZpWGoGFTbOuhg4qKevQ=="
    },
    "to-array": {
      "version": "0.1.4",
      "resolved": "https://registry.npmjs.org/to-array/-/to-array-0.1.4.tgz",
      "integrity": "sha1-F+bBH3PdTz10zaek/zI46a2b+JA="
    },
    "topo": {
      "version": "3.0.0",
      "resolved": "https://registry.npmjs.org/topo/-/topo-3.0.0.tgz",
      "integrity": "sha512-Tlu1fGlR90iCdIPURqPiufqAlCZYzLjHYVVbcFWDMcX7+tK8hdZWAfsMrD/pBul9jqHHwFjNdf1WaxA9vTRRhw==",
      "requires": {
        "hoek": "5.x.x"
      }
    },
    "touch": {
      "version": "3.1.0",
      "resolved": "https://registry.npmjs.org/touch/-/touch-3.1.0.tgz",
      "integrity": "sha512-WBx8Uy5TLtOSRtIq+M03/sKDrXCLHxwDcquSP2c43Le03/9serjQBIztjRz6FkJez9D/hleyAXTBGLwwZUw9lA==",
      "requires": {
        "nopt": "~1.0.10"
      }
    },
    "ultron": {
      "version": "1.0.2",
      "resolved": "https://registry.npmjs.org/ultron/-/ultron-1.0.2.tgz",
      "integrity": "sha1-rOEWq1V80Zc4ak6I9GhTeMiy5Po="
    },
    "utf8": {
      "version": "2.1.0",
      "resolved": "https://registry.npmjs.org/utf8/-/utf8-2.1.0.tgz",
      "integrity": "sha1-DP7FyAUtRKI+OqqQgQToB1+V39U="
    },
    "vise": {
      "version": "3.0.0",
      "resolved": "https://registry.npmjs.org/vise/-/vise-3.0.0.tgz",
      "integrity": "sha512-kBFZLmiL1Vm3rHXphkhvvAcsjgeQXRrOFCbJb0I50YZZP4HGRNH+xGzK3matIMcpbsfr3I02u9odj4oCD0TWgA==",
      "requires": {
        "hoek": "5.x.x"
      }
    },
    "vision": {
      "version": "5.4.0",
      "resolved": "https://registry.npmjs.org/vision/-/vision-5.4.0.tgz",
      "integrity": "sha512-f8kbjvo/dUbR4ZDF0pHPuOjQFg/6zOMlP1Tb9gK2ukCa7Ksd24174DCzubtov6AxIDhZhO5RYQeeDlF8ujlKWQ==",
      "requires": {
        "boom": "7.x.x",
        "hoek": "5.x.x",
        "items": "2.x.x",
        "joi": "13.x.x"
      }
    },
    "wreck": {
      "version": "14.1.0",
      "resolved": "https://registry.npmjs.org/wreck/-/wreck-14.1.0.tgz",
      "integrity": "sha512-y/iwFhwdGoM8Hk1t1I4LbuLhM3curVD8STd5NcFI0c/4b4cQAMLcnCRxXX9sLQAggDC8dXYSaQNsT64hga6lvA==",
      "requires": {
        "boom": "7.x.x",
        "hoek": "5.x.x"
      }
    },
    "ws": {
      "version": "1.1.0",
      "resolved": "https://registry.npmjs.org/ws/-/ws-1.1.0.tgz",
      "integrity": "sha1-wdb9FRXTzv8fCuJ1m/X9dwMKrR0=",
      "requires": {
        "options": ">=0.0.5",
        "ultron": "1.0.x"
      }
    },
    "xmlhttprequest-ssl": {
      "version": "1.5.1",
      "resolved": "https://registry.npmjs.org/xmlhttprequest-ssl/-/xmlhttprequest-ssl-1.5.1.tgz",
      "integrity": "sha1-O3dB/qSoZnWXbpCNKW1ERZYfqmc="
    },
    "yallist": {
      "version": "2.1.2",
      "resolved": "https://registry.npmjs.org/yallist/-/yallist-2.1.2.tgz",
      "integrity": "sha1-HBH5IY8HYImkfdUS+TxmmaaoHVI="
    },
    "yeast": {
      "version": "0.1.2",
      "resolved": "https://registry.npmjs.org/yeast/-/yeast-0.1.2.tgz",
      "integrity": "sha1-AI4G2AlDIMNy28L47XagymyKxBk="
    }
  }
}
